
Microsoft Visual Studio Solution File, Format Version 12.00
# Visual Studio Version 16
VisualStudioVersion = 16.0.32002.261
MinimumVisualStudioVersion = 10.0.40219.1
Project("{9A19103F-16F7-4668-BE54-9A1E7A4F7556}") = "Methods", "Methods\Methods.csproj", "{618C9A52-A797-4A03-ADF1-E9876E610F84}"
EndProject
Project("{9A19103F-16F7-4668-BE54-9A1E7A4F7556}") = "DegerVeReferansTipler", "DegerVeReferansTipler\DegerVeReferansTipler.csproj", "{327B4085-8F69-40AF-852B-C35F6B712576}"
EndProject
Project("{9A19103F-16F7-4668-BE54-9A1E7A4F7556}") = "ClassMethodDemo", "ClassMethodDemo\ClassMethodDemo.csproj", "{667C8A35-F1B9-4F44-B0AC-9A7660E5F04D}"
EndProject
Project("{9A19103F-16F7-4668-BE54-9A1E7A4F7556}") = "OOP1", "OOP1\OOP1.csproj", "{0140CCBE-C8A7-441F-8A28-CC667637C140}"
EndProject
Project("{9A19103F-16F7-4668-BE54-9A1E7A4F7556}") = "Koleksiyonlar", "Koleksiyonlar\Koleksiyonlar.csproj", "{01472FBF-B44F-4CAB-8BCA-1C768653E3A8}"
EndProject
Project("{9A19103F-16F7-4668-BE54-9A1E7A4F7556}") = "GenericsIntro", "GenericsIntro\GenericsIntro.csproj", "{CA6A759B-DB1B-4761-A9B5-BEB29031C779}"
EndProject
Project("{9A19103F-16F7-4668-BE54-9A1E7A4F7556}") = "Dictionary", "Dictionary\Dictionary.csproj", "{2AA91799-A729-4BE6-BB74-AC2BF510AFC9}"
EndProject
Project("{9A19103F-16F7-4668-BE54-9A1E7A4F7556}") = "OOP2", "OOP2\OOP2.csproj", "{54B26ED3-85C0-4BD9-B773-A5E6A0071B73}"
EndProject
Project("{9A19103F-16F7-4668-BE54-9A1E7A4F7556}") = "OOP3", "OOP3\OOP3.csproj", "{3A4C659F-894D-4361-9571-E109EB89FB86}"
EndProject
Project("{9A19103F-16F7-4668-BE54-9A1E7A4F7556}") = "LinqProject", "LinqProject\LinqProject.csproj", "{9FA89FBA-2D66-4EFC-96C6-74DC38C3162C}"
EndProject
Project("{9A19103F-16F7-4668-BE54-9A1E7A4F7556}") = "SomeImportantIssues", "SomeImportantIssues\SomeImportantIssues.csproj", "{CA3E0988-E267-402C-80B3-752DF6B466F3}"
EndProject
Project("{9A19103F-16F7-4668-BE54-9A1E7A4F7556}") = "OOPGeneral", "OOPGeneral\OOPGeneral.csproj", "{FF3A9477-5FE8-40FD-961A-F86F180A0645}"
EndProject
Project("{FAE04EC0-301F-11D3-BF4B-00C04F79EFBC}") = "RecapDemo1", "RecapDemo1\RecapDemo1.csproj", "{34D2A157-3D93-48FD-8EF0-757659079A22}"
EndProject
Project("{9A19103F-16F7-4668-BE54-9A1E7A4F7556}") = "Interfaces", "Interfaces\Interfaces.csproj", "{83508259-72D6-48CE-8AEE-38077605FC28}"
EndProject
Project("{FAE04EC0-301F-11D3-BF4B-00C04F79EFBC}") = "InterfacesDemo", "InterfacesDemo\InterfacesDemo.csproj", "{3E6907F8-75EA-415A-8D87-A84AA644F4FD}"
EndProject
Global
	GlobalSection(SolutionConfigurationPlatforms) = preSolution
		Debug|Any CPU = Debug|Any CPU
		Release|Any CPU = Release|Any CPU
	EndGlobalSection
	GlobalSection(ProjectConfigurationPlatforms) = postSolution
		{618C9A52-A797-4A03-ADF1-E9876E610F84}.Debug|Any CPU.ActiveCfg = Debug|Any CPU
		{618C9A52-A797-4A03-ADF1-E9876E610F84}.Debug|Any CPU.Build.0 = Debug|Any CPU
		{618C9A52-A797-4A03-ADF1-E9876E610F84}.Release|Any CPU.ActiveCfg = Release|Any CPU
		{618C9A52-A797-4A03-ADF1-E9876E610F84}.Release|Any CPU.Build.0 = Release|Any CPU
		{327B4085-8F69-40AF-852B-C35F6B712576}.Debug|Any CPU.ActiveCfg = Debug|Any CPU
		{327B4085-8F69-40AF-852B-C35F6B712576}.Debug|Any CPU.Build.0 = Debug|Any CPU
		{327B4085-8F69-40AF-852B-C35F6B712576}.Release|Any CPU.ActiveCfg = Release|Any CPU
		{327B4085-8F69-40AF-852B-C35F6B712576}.Release|Any CPU.Build.0 = Release|Any CPU
		{667C8A35-F1B9-4F44-B0AC-9A7660E5F04D}.Debug|Any CPU.ActiveCfg = Debug|Any CPU
		{667C8A35-F1B9-4F44-B0AC-9A7660E5F04D}.Debug|Any CPU.Build.0 = Debug|Any CPU
		{667C8A35-F1B9-4F44-B0AC-9A7660E5F04D}.Release|Any CPU.ActiveCfg = Release|Any CPU
		{667C8A35-F1B9-4F44-B0AC-9A7660E5F04D}.Release|Any CPU.Build.0 = Release|Any CPU
		{0140CCBE-C8A7-441F-8A28-CC667637C140}.Debug|Any CPU.ActiveCfg = Debug|Any CPU
		{0140CCBE-C8A7-441F-8A28-CC667637C140}.Debug|Any CPU.Build.0 = Debug|Any CPU
		{0140CCBE-C8A7-441F-8A28-CC667637C140}.Release|Any CPU.ActiveCfg = Release|Any CPU
		{0140CCBE-C8A7-441F-8A28-CC667637C140}.Release|Any CPU.Build.0 = Release|Any CPU
		{01472FBF-B44F-4CAB-8BCA-1C768653E3A8}.Debug|Any CPU.ActiveCfg = Debug|Any CPU
		{01472FBF-B44F-4CAB-8BCA-1C768653E3A8}.Debug|Any CPU.Build.0 = Debug|Any CPU
		{01472FBF-B44F-4CAB-8BCA-1C768653E3A8}.Release|Any CPU.ActiveCfg = Release|Any CPU
		{01472FBF-B44F-4CAB-8BCA-1C768653E3A8}.Release|Any CPU.Build.0 = Release|Any CPU
		{CA6A759B-DB1B-4761-A9B5-BEB29031C779}.Debug|Any CPU.ActiveCfg = Debug|Any CPU
		{CA6A759B-DB1B-4761-A9B5-BEB29031C779}.Debug|Any CPU.Build.0 = Debug|Any CPU
		{CA6A759B-DB1B-4761-A9B5-BEB29031C779}.Release|Any CPU.ActiveCfg = Release|Any CPU
		{CA6A759B-DB1B-4761-A9B5-BEB29031C779}.Release|Any CPU.Build.0 = Release|Any CPU
		{2AA91799-A729-4BE6-BB74-AC2BF510AFC9}.Debug|Any CPU.ActiveCfg = Debug|Any CPU
		{2AA91799-A729-4BE6-BB74-AC2BF510AFC9}.Debug|Any CPU.Build.0 = Debug|Any CPU
		{2AA91799-A729-4BE6-BB74-AC2BF510AFC9}.Release|Any CPU.ActiveCfg = Release|Any CPU
		{2AA91799-A729-4BE6-BB74-AC2BF510AFC9}.Release|Any CPU.Build.0 = Release|Any CPU
		{54B26ED3-85C0-4BD9-B773-A5E6A0071B73}.Debug|Any CPU.ActiveCfg = Debug|Any CPU
		{54B26ED3-85C0-4BD9-B773-A5E6A0071B73}.Debug|Any CPU.Build.0 = Debug|Any CPU
		{54B26ED3-85C0-4BD9-B773-A5E6A0071B73}.Release|Any CPU.ActiveCfg = Release|Any CPU
		{54B26ED3-85C0-4BD9-B773-A5E6A0071B73}.Release|Any CPU.Build.0 = Release|Any CPU
		{3A4C659F-894D-4361-9571-E109EB89FB86}.Debug|Any CPU.ActiveCfg = Debug|Any CPU
		{3A4C659F-894D-4361-9571-E109EB89FB86}.Debug|Any CPU.Build.0 = Debug|Any CPU
		{3A4C659F-894D-4361-9571-E109EB89FB86}.Release|Any CPU.ActiveCfg = Release|Any CPU
		{3A4C659F-894D-4361-9571-E109EB89FB86}.Release|Any CPU.Build.0 = Release|Any CPU
		{9FA89FBA-2D66-4EFC-96C6-74DC38C3162C}.Debug|Any CPU.ActiveCfg = Debug|Any CPU
		{9FA89FBA-2D66-4EFC-96C6-74DC38C3162C}.Debug|Any CPU.Build.0 = Debug|Any CPU
		{9FA89FBA-2D66-4EFC-96C6-74DC38C3162C}.Release|Any CPU.ActiveCfg = Release|Any CPU
		{9FA89FBA-2D66-4EFC-96C6-74DC38C3162C}.Release|Any CPU.Build.0 = Release|Any CPU
		{CA3E0988-E267-402C-80B3-752DF6B466F3}.Debug|Any CPU.ActiveCfg = Debug|Any CPU
		{CA3E0988-E267-402C-80B3-752DF6B466F3}.Debug|Any CPU.Build.0 = Debug|Any CPU
		{CA3E0988-E267-402C-80B3-752DF6B466F3}.Release|Any CPU.ActiveCfg = Release|Any CPU
		{CA3E0988-E267-402C-80B3-752DF6B466F3}.Release|Any CPU.Build.0 = Release|Any CPU
		{FF3A9477-5FE8-40FD-961A-F86F180A0645}.Debug|Any CPU.ActiveCfg = Debug|Any CPU
		{FF3A9477-5FE8-40FD-961A-F86F180A0645}.Debug|Any CPU.Build.0 = Debug|Any CPU
		{FF3A9477-5FE8-40FD-961A-F86F180A0645}.Release|Any CPU.ActiveCfg = Release|Any CPU
		{FF3A9477-5FE8-40FD-961A-F86F180A0645}.Release|Any CPU.Build.0 = Release|Any CPU
		{34D2A157-3D93-48FD-8EF0-757659079A22}.Debug|Any CPU.ActiveCfg = Debug|Any CPU
		{34D2A157-3D93-48FD-8EF0-757659079A22}.Debug|Any CPU.Build.0 = Debug|Any CPU
		{34D2A157-3D93-48FD-8EF0-757659079A22}.Release|Any CPU.ActiveCfg = Release|Any CPU
		{34D2A157-3D93-48FD-8EF0-757659079A22}.Release|Any CPU.Build.0 = Release|Any CPU
		{83508259-72D6-48CE-8AEE-38077605FC28}.Debug|Any CPU.ActiveCfg = Debug|Any CPU
		{83508259-72D6-48CE-8AEE-38077605FC28}.Debug|Any CPU.Build.0 = Debug|Any CPU
		{83508259-72D6-48CE-8AEE-38077605FC28}.Release|Any CPU.ActiveCfg = Release|Any CPU
		{83508259-72D6-48CE-8AEE-38077605FC28}.Release|Any CPU.Build.0 = Release|Any CPU
		{3E6907F8-75EA-415A-8D87-A84AA644F4FD}.Debug|Any CPU.ActiveCfg = Debug|Any CPU
		{3E6907F8-75EA-415A-8D87-A84AA644F4FD}.Debug|Any CPU.Build.0 = Debug|Any CPU
		{3E6907F8-75EA-415A-8D87-A84AA644F4FD}.Release|Any CPU.ActiveCfg = Release|Any CPU
		{3E6907F8-75EA-415A-8D87-A84AA644F4FD}.Release|Any CPU.Build.0 = Release|Any CPU
	EndGlobalSection
	GlobalSection(SolutionProperties) = preSolution
		HideSolutionNode = FALSE
	EndGlobalSection
	GlobalSection(ExtensibilityGlobals) = postSolution
		SolutionGuid = {73129BCA-8F96-4AC3-BD56-D1104D663CED}
	EndGlobalSection
EndGlobal
